
Microsoft Visual Studio Solution File, Format Version 12.00
# Visual Studio Version 16
VisualStudioVersion = 16.0.31025.194
MinimumVisualStudioVersion = 10.0.40219.1
Project("{FAE04EC0-301F-11D3-BF4B-00C04F79EFBC}") = "library", "library\library.csproj", "{73F466D8-E606-41AA-960D-18622EFBC9E1}"
EndProject
Global
	GlobalSection(SolutionConfigurationPlatforms) = preSolution
		Debug|Any CPU = Debug|Any CPU
		Release|Any CPU = Release|Any CPU
	EndGlobalSection
	GlobalSection(ProjectConfigurationPlatforms) = postSolution
		{73F466D8-E606-41AA-960D-18622EFBC9E1}.Debug|Any CPU.ActiveCfg = Debug|Any CPU
		{73F466D8-E606-41AA-960D-18622EFBC9E1}.Debug|Any CPU.Build.0 = Debug|Any CPU
		{73F466D8-E606-41AA-960D-18622EFBC9E1}.Release|Any CPU.ActiveCfg = Release|Any CPU
		{73F466D8-E606-41AA-960D-18622EFBC9E1}.Release|Any CPU.Build.0 = Release|Any CPU
	EndGlobalSection
	GlobalSection(SolutionProperties) = preSolution
		HideSolutionNode = FALSE
	EndGlobalSection
	GlobalSection(ExtensibilityGlobals) = postSolution
		SolutionGuid = {6A6C4084-5E9D-4509-807F-21169BE20C51}
	EndGlobalSection
EndGlobal
